// !$*UTF8*$!
{
	archiveVersion = 1;
	classes = {
	};
	objectVersion = 56;
	objects = {

/* Begin PBXBuildFile section */
		0A2F3F112CA96D14005B893B /* EssentialFeed.framework in Frameworks */ = {isa = PBXBuildFile; fileRef = 0A2F3F082CA96D14005B893B /* EssentialFeed.framework */; };
		0A2F3F162CA96D14005B893B /* EssentialFeedTests.swift in Sources */ = {isa = PBXBuildFile; fileRef = 0A2F3F152CA96D14005B893B /* EssentialFeedTests.swift */; };
		0A2F3F212CA96D3F005B893B /* FeedImage.swift in Sources */ = {isa = PBXBuildFile; fileRef = 0A2F3F202CA96D3F005B893B /* FeedImage.swift */; };
		0A2F3F232CA96DF7005B893B /* FeedLoader.swift in Sources */ = {isa = PBXBuildFile; fileRef = 0A2F3F222CA96DF7005B893B /* FeedLoader.swift */; };
		0A2F3F262CA97261005B893B /* LoadFeedFromRemoteFeedUseCaseTests.swift in Sources */ = {isa = PBXBuildFile; fileRef = 0A2F3F252CA97261005B893B /* LoadFeedFromRemoteFeedUseCaseTests.swift */; };
		0A2F3F292CA97CD2005B893B /* RemoteFeedLoader.swift in Sources */ = {isa = PBXBuildFile; fileRef = 0A2F3F282CA97CD2005B893B /* RemoteFeedLoader.swift */; };
		0A3543D22CAAAF0700C1C4AE /* HTTPClient.swift in Sources */ = {isa = PBXBuildFile; fileRef = 0A3543D12CAAAF0700C1C4AE /* HTTPClient.swift */; };
		0A3543D42CAAAF6F00C1C4AE /* FeedItemsMapper.swift in Sources */ = {isa = PBXBuildFile; fileRef = 0A3543D32CAAAF6F00C1C4AE /* FeedItemsMapper.swift */; };
		0A502DDC2CF3A3C7006A3174 /* CoreDataHelpers.swift in Sources */ = {isa = PBXBuildFile; fileRef = 0A502DDB2CF3A3C7006A3174 /* CoreDataHelpers.swift */; };
		0A88227E2CAEEAEB00139250 /* XCTestCase+MemoryLeakTracking.swift in Sources */ = {isa = PBXBuildFile; fileRef = 0A88227D2CAEEAEB00139250 /* XCTestCase+MemoryLeakTracking.swift */; };
		0A8822802CAF16D200139250 /* URLSessionHTTPClient.swift in Sources */ = {isa = PBXBuildFile; fileRef = 0A88227F2CAF16D200139250 /* URLSessionHTTPClient.swift */; };
		0A8822882CAF363F00139250 /* EssentialFeedAPIEndToEndTests.swift in Sources */ = {isa = PBXBuildFile; fileRef = 0A8822872CAF363F00139250 /* EssentialFeedAPIEndToEndTests.swift */; };
		0A8822892CAF363F00139250 /* EssentialFeed.framework in Frameworks */ = {isa = PBXBuildFile; fileRef = 0A2F3F082CA96D14005B893B /* EssentialFeed.framework */; };
		0A88228F2CAF3FB100139250 /* XCTestCase+MemoryLeakTracking.swift in Sources */ = {isa = PBXBuildFile; fileRef = 0A88227D2CAEEAEB00139250 /* XCTestCase+MemoryLeakTracking.swift */; };
		0AA6E6F92CE2E74B00D8D0F1 /* CodableFeedStore.swift in Sources */ = {isa = PBXBuildFile; fileRef = 0AA6E6F82CE2E74B00D8D0F1 /* CodableFeedStore.swift */; };
		0AA6E6FB2CE2F59400D8D0F1 /* FeedStoreSpecs.swift in Sources */ = {isa = PBXBuildFile; fileRef = 0AA6E6FA2CE2F59400D8D0F1 /* FeedStoreSpecs.swift */; };
		0AA6E6FD2CE2F74300D8D0F1 /* XCTestCase+FeedStoreSpecs.swift in Sources */ = {isa = PBXBuildFile; fileRef = 0AA6E6FC2CE2F74300D8D0F1 /* XCTestCase+FeedStoreSpecs.swift */; };
		0AC3E4792CE98533003B8410 /* XCTestCase+FailableRetrieveFeedStoreSpecs.swift in Sources */ = {isa = PBXBuildFile; fileRef = 0AC3E4782CE98533003B8410 /* XCTestCase+FailableRetrieveFeedStoreSpecs.swift */; };
		0AC3E47B2CE9865D003B8410 /* XCTestCase+FailableInsertFeedStoreSpecs.swift in Sources */ = {isa = PBXBuildFile; fileRef = 0AC3E47A2CE9865D003B8410 /* XCTestCase+FailableInsertFeedStoreSpecs.swift */; };
		0AC3E47D2CE98797003B8410 /* XCTestCase+FailableDeleteFeedStoreSpecs.swift in Sources */ = {isa = PBXBuildFile; fileRef = 0AC3E47C2CE98797003B8410 /* XCTestCase+FailableDeleteFeedStoreSpecs.swift */; };
		0AC3E4842CE99A98003B8410 /* CoreDataFeedStore.swift in Sources */ = {isa = PBXBuildFile; fileRef = 0AC3E4832CE99A98003B8410 /* CoreDataFeedStore.swift */; };
		0AC3E4862CE99ACB003B8410 /* CoreDataFeedStoreTests.swift in Sources */ = {isa = PBXBuildFile; fileRef = 0AC3E4852CE99ACB003B8410 /* CoreDataFeedStoreTests.swift */; };
		0AC3E48C2CE99C49003B8410 /* FeedStore.xcdatamodeld in Sources */ = {isa = PBXBuildFile; fileRef = 0AC3E48A2CE99C49003B8410 /* FeedStore.xcdatamodeld */; };
		0ADC53292CB8619600F5598E /* CodableFeedStoreTests.swift in Sources */ = {isa = PBXBuildFile; fileRef = 0ADC53282CB8619600F5598E /* CodableFeedStoreTests.swift */; };
		0AE06ABE2CACCD6500187F17 /* URLSessionHTTPClientTests.swift in Sources */ = {isa = PBXBuildFile; fileRef = 0AE06ABD2CACCD6500187F17 /* URLSessionHTTPClientTests.swift */; };
		0AE10D202CB6AF7E00611E5D /* LoadFeedFromCacheUseCaseTests.swift in Sources */ = {isa = PBXBuildFile; fileRef = 0AE10D1F2CB6AF7E00611E5D /* LoadFeedFromCacheUseCaseTests.swift */; };
		0AE10D232CB6B0F200611E5D /* FeedStoreSpy.swift in Sources */ = {isa = PBXBuildFile; fileRef = 0AE10D222CB6B0F200611E5D /* FeedStoreSpy.swift */; };
		0AE10D252CB6CD0F00611E5D /* ValidateFeedCacheUseCaseTests.swift in Sources */ = {isa = PBXBuildFile; fileRef = 0AE10D242CB6CD0F00611E5D /* ValidateFeedCacheUseCaseTests.swift */; };
		0AE10D272CB6D9FB00611E5D /* FeedCacheTestHelpers.swift in Sources */ = {isa = PBXBuildFile; fileRef = 0AE10D262CB6D9FB00611E5D /* FeedCacheTestHelpers.swift */; };
		0AE10D292CB6DAF700611E5D /* SharedTestHelpers.swift in Sources */ = {isa = PBXBuildFile; fileRef = 0AE10D282CB6DAF700611E5D /* SharedTestHelpers.swift */; };
		0AE10D2B2CB6EC8F00611E5D /* FeedCachePolicy.swift in Sources */ = {isa = PBXBuildFile; fileRef = 0AE10D2A2CB6EC8F00611E5D /* FeedCachePolicy.swift */; };
		0AFB32CA2CB0CDC400CECFC0 /* CacheFeedUseCaseTests.swift in Sources */ = {isa = PBXBuildFile; fileRef = 0AFB32C92CB0CDC400CECFC0 /* CacheFeedUseCaseTests.swift */; };
		0AFB32D52CB43E9600CECFC0 /* LocalFeedLoader.swift in Sources */ = {isa = PBXBuildFile; fileRef = 0AFB32D42CB43E9600CECFC0 /* LocalFeedLoader.swift */; };
		0AFB32D72CB43F3B00CECFC0 /* FeedStore.swift in Sources */ = {isa = PBXBuildFile; fileRef = 0AFB32D62CB43F3B00CECFC0 /* FeedStore.swift */; };
		0AFB32D92CB45F3600CECFC0 /* RemoteFeedItem.swift in Sources */ = {isa = PBXBuildFile; fileRef = 0AFB32D82CB45F3600CECFC0 /* RemoteFeedItem.swift */; };
		0AFB32DB2CB45F7600CECFC0 /* LocalFeedImage.swift in Sources */ = {isa = PBXBuildFile; fileRef = 0AFB32DA2CB45F7600CECFC0 /* LocalFeedImage.swift */; };
/* End PBXBuildFile section */

/* Begin PBXContainerItemProxy section */
		0A2F3F122CA96D14005B893B /* PBXContainerItemProxy */ = {
			isa = PBXContainerItemProxy;
			containerPortal = 0A2F3EFF2CA96D14005B893B /* Project object */;
			proxyType = 1;
			remoteGlobalIDString = 0A2F3F072CA96D14005B893B;
			remoteInfo = EssentialFeed;
		};
		0A88228A2CAF363F00139250 /* PBXContainerItemProxy */ = {
			isa = PBXContainerItemProxy;
			containerPortal = 0A2F3EFF2CA96D14005B893B /* Project object */;
			proxyType = 1;
			remoteGlobalIDString = 0A2F3F072CA96D14005B893B;
			remoteInfo = EssentialFeed;
		};
/* End PBXContainerItemProxy section */

/* Begin PBXFileReference section */
		0A2F3F082CA96D14005B893B /* EssentialFeed.framework */ = {isa = PBXFileReference; explicitFileType = wrapper.framework; includeInIndex = 0; path = EssentialFeed.framework; sourceTree = BUILT_PRODUCTS_DIR; };
		0A2F3F102CA96D14005B893B /* EssentialFeedTests.xctest */ = {isa = PBXFileReference; explicitFileType = wrapper.cfbundle; includeInIndex = 0; path = EssentialFeedTests.xctest; sourceTree = BUILT_PRODUCTS_DIR; };
		0A2F3F152CA96D14005B893B /* EssentialFeedTests.swift */ = {isa = PBXFileReference; lastKnownFileType = sourcecode.swift; path = EssentialFeedTests.swift; sourceTree = "<group>"; };
		0A2F3F202CA96D3F005B893B /* FeedImage.swift */ = {isa = PBXFileReference; lastKnownFileType = sourcecode.swift; path = FeedImage.swift; sourceTree = "<group>"; };
		0A2F3F222CA96DF7005B893B /* FeedLoader.swift */ = {isa = PBXFileReference; lastKnownFileType = sourcecode.swift; path = FeedLoader.swift; sourceTree = "<group>"; };
		0A2F3F252CA97261005B893B /* LoadFeedFromRemoteFeedUseCaseTests.swift */ = {isa = PBXFileReference; lastKnownFileType = sourcecode.swift; path = LoadFeedFromRemoteFeedUseCaseTests.swift; sourceTree = "<group>"; };
		0A2F3F282CA97CD2005B893B /* RemoteFeedLoader.swift */ = {isa = PBXFileReference; lastKnownFileType = sourcecode.swift; path = RemoteFeedLoader.swift; sourceTree = "<group>"; };
		0A3543D12CAAAF0700C1C4AE /* HTTPClient.swift */ = {isa = PBXFileReference; lastKnownFileType = sourcecode.swift; path = HTTPClient.swift; sourceTree = "<group>"; };
		0A3543D32CAAAF6F00C1C4AE /* FeedItemsMapper.swift */ = {isa = PBXFileReference; lastKnownFileType = sourcecode.swift; path = FeedItemsMapper.swift; sourceTree = "<group>"; };
		0A502DDB2CF3A3C7006A3174 /* CoreDataHelpers.swift */ = {isa = PBXFileReference; lastKnownFileType = sourcecode.swift; path = CoreDataHelpers.swift; sourceTree = "<group>"; };
		0A88227D2CAEEAEB00139250 /* XCTestCase+MemoryLeakTracking.swift */ = {isa = PBXFileReference; lastKnownFileType = sourcecode.swift; path = "XCTestCase+MemoryLeakTracking.swift"; sourceTree = "<group>"; };
		0A88227F2CAF16D200139250 /* URLSessionHTTPClient.swift */ = {isa = PBXFileReference; lastKnownFileType = sourcecode.swift; path = URLSessionHTTPClient.swift; sourceTree = "<group>"; };
		0A8822852CAF363F00139250 /* EssentialFeedAPIEndToEndTests.xctest */ = {isa = PBXFileReference; explicitFileType = wrapper.cfbundle; includeInIndex = 0; path = EssentialFeedAPIEndToEndTests.xctest; sourceTree = BUILT_PRODUCTS_DIR; };
		0A8822872CAF363F00139250 /* EssentialFeedAPIEndToEndTests.swift */ = {isa = PBXFileReference; lastKnownFileType = sourcecode.swift; path = EssentialFeedAPIEndToEndTests.swift; sourceTree = "<group>"; };
		0A8822912CB0121A00139250 /* CI.xctestplan */ = {isa = PBXFileReference; lastKnownFileType = text; path = CI.xctestplan; sourceTree = "<group>"; };
		0AA6E6F82CE2E74B00D8D0F1 /* CodableFeedStore.swift */ = {isa = PBXFileReference; lastKnownFileType = sourcecode.swift; path = CodableFeedStore.swift; sourceTree = "<group>"; };
		0AA6E6FA2CE2F59400D8D0F1 /* FeedStoreSpecs.swift */ = {isa = PBXFileReference; lastKnownFileType = sourcecode.swift; path = FeedStoreSpecs.swift; sourceTree = "<group>"; };
		0AA6E6FC2CE2F74300D8D0F1 /* XCTestCase+FeedStoreSpecs.swift */ = {isa = PBXFileReference; lastKnownFileType = sourcecode.swift; path = "XCTestCase+FeedStoreSpecs.swift"; sourceTree = "<group>"; };
		0AC3E4782CE98533003B8410 /* XCTestCase+FailableRetrieveFeedStoreSpecs.swift */ = {isa = PBXFileReference; lastKnownFileType = sourcecode.swift; path = "XCTestCase+FailableRetrieveFeedStoreSpecs.swift"; sourceTree = "<group>"; };
		0AC3E47A2CE9865D003B8410 /* XCTestCase+FailableInsertFeedStoreSpecs.swift */ = {isa = PBXFileReference; lastKnownFileType = sourcecode.swift; path = "XCTestCase+FailableInsertFeedStoreSpecs.swift"; sourceTree = "<group>"; };
		0AC3E47C2CE98797003B8410 /* XCTestCase+FailableDeleteFeedStoreSpecs.swift */ = {isa = PBXFileReference; lastKnownFileType = sourcecode.swift; path = "XCTestCase+FailableDeleteFeedStoreSpecs.swift"; sourceTree = "<group>"; };
		0AC3E4832CE99A98003B8410 /* CoreDataFeedStore.swift */ = {isa = PBXFileReference; lastKnownFileType = sourcecode.swift; path = CoreDataFeedStore.swift; sourceTree = "<group>"; };
		0AC3E4852CE99ACB003B8410 /* CoreDataFeedStoreTests.swift */ = {isa = PBXFileReference; lastKnownFileType = sourcecode.swift; path = CoreDataFeedStoreTests.swift; sourceTree = "<group>"; };
		0AC3E48B2CE99C49003B8410 /* FeedStore.xcdatamodel */ = {isa = PBXFileReference; lastKnownFileType = wrapper.xcdatamodel; path = FeedStore.xcdatamodel; sourceTree = "<group>"; };
		0ADC53282CB8619600F5598E /* CodableFeedStoreTests.swift */ = {isa = PBXFileReference; lastKnownFileType = sourcecode.swift; path = CodableFeedStoreTests.swift; sourceTree = "<group>"; };
		0AE06ABD2CACCD6500187F17 /* URLSessionHTTPClientTests.swift */ = {isa = PBXFileReference; lastKnownFileType = sourcecode.swift; path = URLSessionHTTPClientTests.swift; sourceTree = "<group>"; };
		0AE10D1F2CB6AF7E00611E5D /* LoadFeedFromCacheUseCaseTests.swift */ = {isa = PBXFileReference; lastKnownFileType = sourcecode.swift; path = LoadFeedFromCacheUseCaseTests.swift; sourceTree = "<group>"; };
		0AE10D222CB6B0F200611E5D /* FeedStoreSpy.swift */ = {isa = PBXFileReference; lastKnownFileType = sourcecode.swift; path = FeedStoreSpy.swift; sourceTree = "<group>"; };
		0AE10D242CB6CD0F00611E5D /* ValidateFeedCacheUseCaseTests.swift */ = {isa = PBXFileReference; lastKnownFileType = sourcecode.swift; path = ValidateFeedCacheUseCaseTests.swift; sourceTree = "<group>"; };
		0AE10D262CB6D9FB00611E5D /* FeedCacheTestHelpers.swift */ = {isa = PBXFileReference; lastKnownFileType = sourcecode.swift; path = FeedCacheTestHelpers.swift; sourceTree = "<group>"; };
		0AE10D282CB6DAF700611E5D /* SharedTestHelpers.swift */ = {isa = PBXFileReference; lastKnownFileType = sourcecode.swift; path = SharedTestHelpers.swift; sourceTree = "<group>"; };
		0AE10D2A2CB6EC8F00611E5D /* FeedCachePolicy.swift */ = {isa = PBXFileReference; lastKnownFileType = sourcecode.swift; path = FeedCachePolicy.swift; sourceTree = "<group>"; };
		0AFB32C92CB0CDC400CECFC0 /* CacheFeedUseCaseTests.swift */ = {isa = PBXFileReference; lastKnownFileType = sourcecode.swift; path = CacheFeedUseCaseTests.swift; sourceTree = "<group>"; };
		0AFB32D42CB43E9600CECFC0 /* LocalFeedLoader.swift */ = {isa = PBXFileReference; lastKnownFileType = sourcecode.swift; path = LocalFeedLoader.swift; sourceTree = "<group>"; };
		0AFB32D62CB43F3B00CECFC0 /* FeedStore.swift */ = {isa = PBXFileReference; lastKnownFileType = sourcecode.swift; path = FeedStore.swift; sourceTree = "<group>"; };
		0AFB32D82CB45F3600CECFC0 /* RemoteFeedItem.swift */ = {isa = PBXFileReference; lastKnownFileType = sourcecode.swift; path = RemoteFeedItem.swift; sourceTree = "<group>"; };
		0AFB32DA2CB45F7600CECFC0 /* LocalFeedImage.swift */ = {isa = PBXFileReference; lastKnownFileType = sourcecode.swift; path = LocalFeedImage.swift; sourceTree = "<group>"; };
/* End PBXFileReference section */

/* Begin PBXFrameworksBuildPhase section */
		0A2F3F052CA96D14005B893B /* Frameworks */ = {
			isa = PBXFrameworksBuildPhase;
			buildActionMask = 2147483647;
			files = (
			);
			runOnlyForDeploymentPostprocessing = 0;
		};
		0A2F3F0D2CA96D14005B893B /* Frameworks */ = {
			isa = PBXFrameworksBuildPhase;
			buildActionMask = 2147483647;
			files = (
				0A2F3F112CA96D14005B893B /* EssentialFeed.framework in Frameworks */,
			);
			runOnlyForDeploymentPostprocessing = 0;
		};
		0A8822822CAF363F00139250 /* Frameworks */ = {
			isa = PBXFrameworksBuildPhase;
			buildActionMask = 2147483647;
			files = (
				0A8822892CAF363F00139250 /* EssentialFeed.framework in Frameworks */,
			);
			runOnlyForDeploymentPostprocessing = 0;
		};
/* End PBXFrameworksBuildPhase section */

/* Begin PBXGroup section */
		0A2F3EFE2CA96D14005B893B = {
			isa = PBXGroup;
			children = (
				0A8822912CB0121A00139250 /* CI.xctestplan */,
				0A2F3F0A2CA96D14005B893B /* EssentialFeed */,
				0A2F3F142CA96D14005B893B /* EssentialFeedTests */,
				0A8822862CAF363F00139250 /* EssentialFeedAPIEndToEndTests */,
				0A2F3F092CA96D14005B893B /* Products */,
			);
			sourceTree = "<group>";
		};
		0A2F3F092CA96D14005B893B /* Products */ = {
			isa = PBXGroup;
			children = (
				0A2F3F082CA96D14005B893B /* EssentialFeed.framework */,
				0A2F3F102CA96D14005B893B /* EssentialFeedTests.xctest */,
				0A8822852CAF363F00139250 /* EssentialFeedAPIEndToEndTests.xctest */,
			);
			name = Products;
			sourceTree = "<group>";
		};
		0A2F3F0A2CA96D14005B893B /* EssentialFeed */ = {
			isa = PBXGroup;
			children = (
				0AFB32D32CB43E7700CECFC0 /* Feed Cache */,
				0A2F3F272CA97CBC005B893B /* FeedAPI */,
				0A2F3F242CA96F80005B893B /* Feed Feature */,
			);
			path = EssentialFeed;
			sourceTree = "<group>";
		};
		0A2F3F142CA96D14005B893B /* EssentialFeedTests */ = {
			isa = PBXGroup;
			children = (
				0A2F3F152CA96D14005B893B /* EssentialFeedTests.swift */,
				0AFB32C82CB0CD9300CECFC0 /* FeedCache */,
				0A88227C2CAEEACC00139250 /* Helpers */,
				0A3543D52CAAB76600C1C4AE /* Feed API */,
			);
			path = EssentialFeedTests;
			sourceTree = "<group>";
		};
		0A2F3F242CA96F80005B893B /* Feed Feature */ = {
			isa = PBXGroup;
			children = (
				0A2F3F202CA96D3F005B893B /* FeedImage.swift */,
				0A2F3F222CA96DF7005B893B /* FeedLoader.swift */,
			);
			path = "Feed Feature";
			sourceTree = "<group>";
		};
		0A2F3F272CA97CBC005B893B /* FeedAPI */ = {
			isa = PBXGroup;
			children = (
				0A2F3F282CA97CD2005B893B /* RemoteFeedLoader.swift */,
				0A3543D12CAAAF0700C1C4AE /* HTTPClient.swift */,
				0A3543D32CAAAF6F00C1C4AE /* FeedItemsMapper.swift */,
				0A88227F2CAF16D200139250 /* URLSessionHTTPClient.swift */,
				0AFB32D82CB45F3600CECFC0 /* RemoteFeedItem.swift */,
			);
			path = FeedAPI;
			sourceTree = "<group>";
		};
		0A3543D52CAAB76600C1C4AE /* Feed API */ = {
			isa = PBXGroup;
			children = (
				0AE06ABD2CACCD6500187F17 /* URLSessionHTTPClientTests.swift */,
				0A2F3F252CA97261005B893B /* LoadFeedFromRemoteFeedUseCaseTests.swift */,
			);
			path = "Feed API";
			sourceTree = "<group>";
		};
		0A502DD82CF3A33B006A3174 /* Infrastructure */ = {
			isa = PBXGroup;
			children = (
				0A502DDA2CF3A3AF006A3174 /* CoreData */,
				0A502DD92CF3A37D006A3174 /* Codable */,
			);
			path = Infrastructure;
			sourceTree = "<group>";
		};
		0A502DD92CF3A37D006A3174 /* Codable */ = {
			isa = PBXGroup;
			children = (
				0AA6E6F82CE2E74B00D8D0F1 /* CodableFeedStore.swift */,
			);
			path = Codable;
			sourceTree = "<group>";
		};
		0A502DDA2CF3A3AF006A3174 /* CoreData */ = {
			isa = PBXGroup;
			children = (
				0AC3E4832CE99A98003B8410 /* CoreDataFeedStore.swift */,
				0A502DDB2CF3A3C7006A3174 /* CoreDataHelpers.swift */,
			);
			path = CoreData;
			sourceTree = "<group>";
		};
		0A88227C2CAEEACC00139250 /* Helpers */ = {
			isa = PBXGroup;
			children = (
				0A88227D2CAEEAEB00139250 /* XCTestCase+MemoryLeakTracking.swift */,
				0AE10D282CB6DAF700611E5D /* SharedTestHelpers.swift */,
			);
			path = Helpers;
			sourceTree = "<group>";
		};
		0A8822862CAF363F00139250 /* EssentialFeedAPIEndToEndTests */ = {
			isa = PBXGroup;
			children = (
				0A8822872CAF363F00139250 /* EssentialFeedAPIEndToEndTests.swift */,
			);
			path = EssentialFeedAPIEndToEndTests;
			sourceTree = "<group>";
		};
		0AC3E47E2CE98858003B8410 /* FeedStoreSpecs */ = {
			isa = PBXGroup;
			children = (
				0AA6E6FC2CE2F74300D8D0F1 /* XCTestCase+FeedStoreSpecs.swift */,
				0AA6E6FA2CE2F59400D8D0F1 /* FeedStoreSpecs.swift */,
				0AC3E4782CE98533003B8410 /* XCTestCase+FailableRetrieveFeedStoreSpecs.swift */,
				0AC3E47A2CE9865D003B8410 /* XCTestCase+FailableInsertFeedStoreSpecs.swift */,
				0AC3E47C2CE98797003B8410 /* XCTestCase+FailableDeleteFeedStoreSpecs.swift */,
			);
			path = FeedStoreSpecs;
			sourceTree = "<group>";
		};
		0AE10D212CB6B0D000611E5D /* Helpers */ = {
			isa = PBXGroup;
			children = (
				0AE10D222CB6B0F200611E5D /* FeedStoreSpy.swift */,
				0AE10D262CB6D9FB00611E5D /* FeedCacheTestHelpers.swift */,
			);
			path = Helpers;
			sourceTree = "<group>";
		};
		0AFB32C82CB0CD9300CECFC0 /* FeedCache */ = {
			isa = PBXGroup;
			children = (
				0AC3E47E2CE98858003B8410 /* FeedStoreSpecs */,
				0AE10D212CB6B0D000611E5D /* Helpers */,
				0AFB32C92CB0CDC400CECFC0 /* CacheFeedUseCaseTests.swift */,
				0AE10D242CB6CD0F00611E5D /* ValidateFeedCacheUseCaseTests.swift */,
				0AE10D1F2CB6AF7E00611E5D /* LoadFeedFromCacheUseCaseTests.swift */,
				0ADC53282CB8619600F5598E /* CodableFeedStoreTests.swift */,
				0AC3E4852CE99ACB003B8410 /* CoreDataFeedStoreTests.swift */,
			);
			path = FeedCache;
			sourceTree = "<group>";
		};
		0AFB32D32CB43E7700CECFC0 /* Feed Cache */ = {
			isa = PBXGroup;
			children = (
				0A502DD82CF3A33B006A3174 /* Infrastructure */,
				0AFB32D42CB43E9600CECFC0 /* LocalFeedLoader.swift */,
				0AFB32D62CB43F3B00CECFC0 /* FeedStore.swift */,
				0AFB32DA2CB45F7600CECFC0 /* LocalFeedImage.swift */,
				0AE10D2A2CB6EC8F00611E5D /* FeedCachePolicy.swift */,
				0AC3E48A2CE99C49003B8410 /* FeedStore.xcdatamodeld */,
			);
			path = "Feed Cache";
			sourceTree = "<group>";
		};
/* End PBXGroup section */

/* Begin PBXHeadersBuildPhase section */
		0A2F3F032CA96D14005B893B /* Headers */ = {
			isa = PBXHeadersBuildPhase;
			buildActionMask = 2147483647;
			files = (
			);
			runOnlyForDeploymentPostprocessing = 0;
		};
/* End PBXHeadersBuildPhase section */

/* Begin PBXNativeTarget section */
		0A2F3F072CA96D14005B893B /* EssentialFeed */ = {
			isa = PBXNativeTarget;
			buildConfigurationList = 0A2F3F1A2CA96D14005B893B /* Build configuration list for PBXNativeTarget "EssentialFeed" */;
			buildPhases = (
				0A2F3F032CA96D14005B893B /* Headers */,
				0A2F3F042CA96D14005B893B /* Sources */,
				0A2F3F052CA96D14005B893B /* Frameworks */,
				0A2F3F062CA96D14005B893B /* Resources */,
			);
			buildRules = (
			);
			dependencies = (
			);
			name = EssentialFeed;
			productName = EssentialFeed;
			productReference = 0A2F3F082CA96D14005B893B /* EssentialFeed.framework */;
			productType = "com.apple.product-type.framework";
		};
		0A2F3F0F2CA96D14005B893B /* EssentialFeedTests */ = {
			isa = PBXNativeTarget;
			buildConfigurationList = 0A2F3F1D2CA96D14005B893B /* Build configuration list for PBXNativeTarget "EssentialFeedTests" */;
			buildPhases = (
				0A2F3F0C2CA96D14005B893B /* Sources */,
				0A2F3F0D2CA96D14005B893B /* Frameworks */,
				0A2F3F0E2CA96D14005B893B /* Resources */,
			);
			buildRules = (
			);
			dependencies = (
				0A2F3F132CA96D14005B893B /* PBXTargetDependency */,
			);
			name = EssentialFeedTests;
			productName = EssentialFeedTests;
			productReference = 0A2F3F102CA96D14005B893B /* EssentialFeedTests.xctest */;
			productType = "com.apple.product-type.bundle.unit-test";
		};
		0A8822842CAF363F00139250 /* EssentialFeedAPIEndToEndTests */ = {
			isa = PBXNativeTarget;
			buildConfigurationList = 0A88228C2CAF363F00139250 /* Build configuration list for PBXNativeTarget "EssentialFeedAPIEndToEndTests" */;
			buildPhases = (
				0A8822812CAF363F00139250 /* Sources */,
				0A8822822CAF363F00139250 /* Frameworks */,
				0A8822832CAF363F00139250 /* Resources */,
			);
			buildRules = (
			);
			dependencies = (
				0A88228B2CAF363F00139250 /* PBXTargetDependency */,
			);
			name = EssentialFeedAPIEndToEndTests;
			productName = EssentialFeedAPIEndToEndTests;
			productReference = 0A8822852CAF363F00139250 /* EssentialFeedAPIEndToEndTests.xctest */;
			productType = "com.apple.product-type.bundle.unit-test";
		};
/* End PBXNativeTarget section */

/* Begin PBXProject section */
		0A2F3EFF2CA96D14005B893B /* Project object */ = {
			isa = PBXProject;
			attributes = {
				BuildIndependentTargetsInParallel = 1;
				LastSwiftUpdateCheck = 1540;
				LastUpgradeCheck = 1540;
				TargetAttributes = {
					0A2F3F072CA96D14005B893B = {
						CreatedOnToolsVersion = 15.4;
						LastSwiftMigration = 1540;
					};
					0A2F3F0F2CA96D14005B893B = {
						CreatedOnToolsVersion = 15.4;
					};
					0A8822842CAF363F00139250 = {
						CreatedOnToolsVersion = 15.4;
					};
				};
			};
			buildConfigurationList = 0A2F3F022CA96D14005B893B /* Build configuration list for PBXProject "EssentialFeed" */;
			compatibilityVersion = "Xcode 14.0";
			developmentRegion = en;
			hasScannedForEncodings = 0;
			knownRegions = (
				en,
				Base,
			);
			mainGroup = 0A2F3EFE2CA96D14005B893B;
			productRefGroup = 0A2F3F092CA96D14005B893B /* Products */;
			projectDirPath = "";
			projectRoot = "";
			targets = (
				0A2F3F072CA96D14005B893B /* EssentialFeed */,
				0A2F3F0F2CA96D14005B893B /* EssentialFeedTests */,
				0A8822842CAF363F00139250 /* EssentialFeedAPIEndToEndTests */,
			);
		};
/* End PBXProject section */

/* Begin PBXResourcesBuildPhase section */
		0A2F3F062CA96D14005B893B /* Resources */ = {
			isa = PBXResourcesBuildPhase;
			buildActionMask = 2147483647;
			files = (
			);
			runOnlyForDeploymentPostprocessing = 0;
		};
		0A2F3F0E2CA96D14005B893B /* Resources */ = {
			isa = PBXResourcesBuildPhase;
			buildActionMask = 2147483647;
			files = (
			);
			runOnlyForDeploymentPostprocessing = 0;
		};
		0A8822832CAF363F00139250 /* Resources */ = {
			isa = PBXResourcesBuildPhase;
			buildActionMask = 2147483647;
			files = (
			);
			runOnlyForDeploymentPostprocessing = 0;
		};
/* End PBXResourcesBuildPhase section */

/* Begin PBXSourcesBuildPhase section */
		0A2F3F042CA96D14005B893B /* Sources */ = {
			isa = PBXSourcesBuildPhase;
			buildActionMask = 2147483647;
			files = (
				0A502DDC2CF3A3C7006A3174 /* CoreDataHelpers.swift in Sources */,
				0A3543D42CAAAF6F00C1C4AE /* FeedItemsMapper.swift in Sources */,
				0A2F3F232CA96DF7005B893B /* FeedLoader.swift in Sources */,
				0AFB32D92CB45F3600CECFC0 /* RemoteFeedItem.swift in Sources */,
				0AE10D2B2CB6EC8F00611E5D /* FeedCachePolicy.swift in Sources */,
				0A2F3F292CA97CD2005B893B /* RemoteFeedLoader.swift in Sources */,
				0AC3E48C2CE99C49003B8410 /* FeedStore.xcdatamodeld in Sources */,
				0AFB32DB2CB45F7600CECFC0 /* LocalFeedImage.swift in Sources */,
				0AFB32D72CB43F3B00CECFC0 /* FeedStore.swift in Sources */,
				0AFB32D52CB43E9600CECFC0 /* LocalFeedLoader.swift in Sources */,
				0AA6E6F92CE2E74B00D8D0F1 /* CodableFeedStore.swift in Sources */,
				0A3543D22CAAAF0700C1C4AE /* HTTPClient.swift in Sources */,
				0A2F3F212CA96D3F005B893B /* FeedImage.swift in Sources */,
				0A8822802CAF16D200139250 /* URLSessionHTTPClient.swift in Sources */,
				0AC3E4842CE99A98003B8410 /* CoreDataFeedStore.swift in Sources */,
			);
			runOnlyForDeploymentPostprocessing = 0;
		};
		0A2F3F0C2CA96D14005B893B /* Sources */ = {
			isa = PBXSourcesBuildPhase;
			buildActionMask = 2147483647;
			files = (
				0AA6E6FD2CE2F74300D8D0F1 /* XCTestCase+FeedStoreSpecs.swift in Sources */,
				0ADC53292CB8619600F5598E /* CodableFeedStoreTests.swift in Sources */,
				0A2F3F262CA97261005B893B /* LoadFeedFromRemoteFeedUseCaseTests.swift in Sources */,
				0AC3E4862CE99ACB003B8410 /* CoreDataFeedStoreTests.swift in Sources */,
				0AC3E4792CE98533003B8410 /* XCTestCase+FailableRetrieveFeedStoreSpecs.swift in Sources */,
				0A88227E2CAEEAEB00139250 /* XCTestCase+MemoryLeakTracking.swift in Sources */,
				0AE10D292CB6DAF700611E5D /* SharedTestHelpers.swift in Sources */,
				0AE06ABE2CACCD6500187F17 /* URLSessionHTTPClientTests.swift in Sources */,
				0AFB32CA2CB0CDC400CECFC0 /* CacheFeedUseCaseTests.swift in Sources */,
				0AE10D272CB6D9FB00611E5D /* FeedCacheTestHelpers.swift in Sources */,
				0AE10D252CB6CD0F00611E5D /* ValidateFeedCacheUseCaseTests.swift in Sources */,
				0AE10D232CB6B0F200611E5D /* FeedStoreSpy.swift in Sources */,
				0AE10D202CB6AF7E00611E5D /* LoadFeedFromCacheUseCaseTests.swift in Sources */,
				0AC3E47D2CE98797003B8410 /* XCTestCase+FailableDeleteFeedStoreSpecs.swift in Sources */,
				0AA6E6FB2CE2F59400D8D0F1 /* FeedStoreSpecs.swift in Sources */,
				0A2F3F162CA96D14005B893B /* EssentialFeedTests.swift in Sources */,
				0AC3E47B2CE9865D003B8410 /* XCTestCase+FailableInsertFeedStoreSpecs.swift in Sources */,
			);
			runOnlyForDeploymentPostprocessing = 0;
		};
		0A8822812CAF363F00139250 /* Sources */ = {
			isa = PBXSourcesBuildPhase;
			buildActionMask = 2147483647;
			files = (
				0A8822882CAF363F00139250 /* EssentialFeedAPIEndToEndTests.swift in Sources */,
				0A88228F2CAF3FB100139250 /* XCTestCase+MemoryLeakTracking.swift in Sources */,
			);
			runOnlyForDeploymentPostprocessing = 0;
		};
/* End PBXSourcesBuildPhase section */

/* Begin PBXTargetDependency section */
		0A2F3F132CA96D14005B893B /* PBXTargetDependency */ = {
			isa = PBXTargetDependency;
			target = 0A2F3F072CA96D14005B893B /* EssentialFeed */;
			targetProxy = 0A2F3F122CA96D14005B893B /* PBXContainerItemProxy */;
		};
		0A88228B2CAF363F00139250 /* PBXTargetDependency */ = {
			isa = PBXTargetDependency;
			target = 0A2F3F072CA96D14005B893B /* EssentialFeed */;
			targetProxy = 0A88228A2CAF363F00139250 /* PBXContainerItemProxy */;
		};
/* End PBXTargetDependency section */

/* Begin XCBuildConfiguration section */
		0A2F3F182CA96D14005B893B /* Debug */ = {
			isa = XCBuildConfiguration;
			buildSettings = {
				ALWAYS_SEARCH_USER_PATHS = NO;
				ASSETCATALOG_COMPILER_GENERATE_SWIFT_ASSET_SYMBOL_EXTENSIONS = YES;
				CLANG_ANALYZER_NONNULL = YES;
				CLANG_ANALYZER_NUMBER_OBJECT_CONVERSION = YES_AGGRESSIVE;
				CLANG_CXX_LANGUAGE_STANDARD = "gnu++20";
				CLANG_ENABLE_MODULES = YES;
				CLANG_ENABLE_OBJC_ARC = YES;
				CLANG_ENABLE_OBJC_WEAK = YES;
				CLANG_WARN_BLOCK_CAPTURE_AUTORELEASING = YES;
				CLANG_WARN_BOOL_CONVERSION = YES;
				CLANG_WARN_COMMA = YES;
				CLANG_WARN_CONSTANT_CONVERSION = YES;
				CLANG_WARN_DEPRECATED_OBJC_IMPLEMENTATIONS = YES;
				CLANG_WARN_DIRECT_OBJC_ISA_USAGE = YES_ERROR;
				CLANG_WARN_DOCUMENTATION_COMMENTS = YES;
				CLANG_WARN_EMPTY_BODY = YES;
				CLANG_WARN_ENUM_CONVERSION = YES;
				CLANG_WARN_INFINITE_RECURSION = YES;
				CLANG_WARN_INT_CONVERSION = YES;
				CLANG_WARN_NON_LITERAL_NULL_CONVERSION = YES;
				CLANG_WARN_OBJC_IMPLICIT_RETAIN_SELF = YES;
				CLANG_WARN_OBJC_LITERAL_CONVERSION = YES;
				CLANG_WARN_OBJC_ROOT_CLASS = YES_ERROR;
				CLANG_WARN_QUOTED_INCLUDE_IN_FRAMEWORK_HEADER = YES;
				CLANG_WARN_RANGE_LOOP_ANALYSIS = YES;
				CLANG_WARN_STRICT_PROTOTYPES = YES;
				CLANG_WARN_SUSPICIOUS_MOVE = YES;
				CLANG_WARN_UNGUARDED_AVAILABILITY = YES_AGGRESSIVE;
				CLANG_WARN_UNREACHABLE_CODE = YES;
				CLANG_WARN__DUPLICATE_METHOD_MATCH = YES;
				COPY_PHASE_STRIP = NO;
				CURRENT_PROJECT_VERSION = 1;
				DEBUG_INFORMATION_FORMAT = dwarf;
				ENABLE_STRICT_OBJC_MSGSEND = YES;
				ENABLE_TESTABILITY = YES;
				ENABLE_USER_SCRIPT_SANDBOXING = YES;
				GCC_C_LANGUAGE_STANDARD = gnu17;
				GCC_DYNAMIC_NO_PIC = NO;
				GCC_NO_COMMON_BLOCKS = YES;
				GCC_OPTIMIZATION_LEVEL = 0;
				GCC_PREPROCESSOR_DEFINITIONS = (
					"DEBUG=1",
					"$(inherited)",
				);
				GCC_WARN_64_TO_32_BIT_CONVERSION = YES;
				GCC_WARN_ABOUT_RETURN_TYPE = YES_ERROR;
				GCC_WARN_UNDECLARED_SELECTOR = YES;
				GCC_WARN_UNINITIALIZED_AUTOS = YES_AGGRESSIVE;
				GCC_WARN_UNUSED_FUNCTION = YES;
				GCC_WARN_UNUSED_VARIABLE = YES;
				LOCALIZATION_PREFERS_STRING_CATALOGS = YES;
				MACOSX_DEPLOYMENT_TARGET = 14.3;
				MTL_ENABLE_DEBUG_INFO = INCLUDE_SOURCE;
				MTL_FAST_MATH = YES;
				ONLY_ACTIVE_ARCH = YES;
				SDKROOT = macosx;
				SWIFT_ACTIVE_COMPILATION_CONDITIONS = "DEBUG $(inherited)";
				SWIFT_OPTIMIZATION_LEVEL = "-Onone";
				VERSIONING_SYSTEM = "apple-generic";
				VERSION_INFO_PREFIX = "";
			};
			name = Debug;
		};
		0A2F3F192CA96D14005B893B /* Release */ = {
			isa = XCBuildConfiguration;
			buildSettings = {
				ALWAYS_SEARCH_USER_PATHS = NO;
				ASSETCATALOG_COMPILER_GENERATE_SWIFT_ASSET_SYMBOL_EXTENSIONS = YES;
				CLANG_ANALYZER_NONNULL = YES;
				CLANG_ANALYZER_NUMBER_OBJECT_CONVERSION = YES_AGGRESSIVE;
				CLANG_CXX_LANGUAGE_STANDARD = "gnu++20";
				CLANG_ENABLE_MODULES = YES;
				CLANG_ENABLE_OBJC_ARC = YES;
				CLANG_ENABLE_OBJC_WEAK = YES;
				CLANG_WARN_BLOCK_CAPTURE_AUTORELEASING = YES;
				CLANG_WARN_BOOL_CONVERSION = YES;
				CLANG_WARN_COMMA = YES;
				CLANG_WARN_CONSTANT_CONVERSION = YES;
				CLANG_WARN_DEPRECATED_OBJC_IMPLEMENTATIONS = YES;
				CLANG_WARN_DIRECT_OBJC_ISA_USAGE = YES_ERROR;
				CLANG_WARN_DOCUMENTATION_COMMENTS = YES;
				CLANG_WARN_EMPTY_BODY = YES;
				CLANG_WARN_ENUM_CONVERSION = YES;
				CLANG_WARN_INFINITE_RECURSION = YES;
				CLANG_WARN_INT_CONVERSION = YES;
				CLANG_WARN_NON_LITERAL_NULL_CONVERSION = YES;
				CLANG_WARN_OBJC_IMPLICIT_RETAIN_SELF = YES;
				CLANG_WARN_OBJC_LITERAL_CONVERSION = YES;
				CLANG_WARN_OBJC_ROOT_CLASS = YES_ERROR;
				CLANG_WARN_QUOTED_INCLUDE_IN_FRAMEWORK_HEADER = YES;
				CLANG_WARN_RANGE_LOOP_ANALYSIS = YES;
				CLANG_WARN_STRICT_PROTOTYPES = YES;
				CLANG_WARN_SUSPICIOUS_MOVE = YES;
				CLANG_WARN_UNGUARDED_AVAILABILITY = YES_AGGRESSIVE;
				CLANG_WARN_UNREACHABLE_CODE = YES;
				CLANG_WARN__DUPLICATE_METHOD_MATCH = YES;
				COPY_PHASE_STRIP = NO;
				CURRENT_PROJECT_VERSION = 1;
				DEBUG_INFORMATION_FORMAT = "dwarf-with-dsym";
				ENABLE_NS_ASSERTIONS = NO;
				ENABLE_STRICT_OBJC_MSGSEND = YES;
				ENABLE_USER_SCRIPT_SANDBOXING = YES;
				GCC_C_LANGUAGE_STANDARD = gnu17;
				GCC_NO_COMMON_BLOCKS = YES;
				GCC_WARN_64_TO_32_BIT_CONVERSION = YES;
				GCC_WARN_ABOUT_RETURN_TYPE = YES_ERROR;
				GCC_WARN_UNDECLARED_SELECTOR = YES;
				GCC_WARN_UNINITIALIZED_AUTOS = YES_AGGRESSIVE;
				GCC_WARN_UNUSED_FUNCTION = YES;
				GCC_WARN_UNUSED_VARIABLE = YES;
				LOCALIZATION_PREFERS_STRING_CATALOGS = YES;
				MACOSX_DEPLOYMENT_TARGET = 14.3;
				MTL_ENABLE_DEBUG_INFO = NO;
				MTL_FAST_MATH = YES;
				SDKROOT = macosx;
				SWIFT_COMPILATION_MODE = wholemodule;
				VERSIONING_SYSTEM = "apple-generic";
				VERSION_INFO_PREFIX = "";
			};
			name = Release;
		};
		0A2F3F1B2CA96D14005B893B /* Debug */ = {
			isa = XCBuildConfiguration;
			buildSettings = {
				BUILD_LIBRARY_FOR_DISTRIBUTION = YES;
				CLANG_ENABLE_MODULES = YES;
				CODE_SIGN_STYLE = Automatic;
				COMBINE_HIDPI_IMAGES = YES;
				CURRENT_PROJECT_VERSION = 1;
				DEFINES_MODULE = YES;
				DEVELOPMENT_TEAM = DJCKM4F4RZ;
				DYLIB_COMPATIBILITY_VERSION = 1;
				DYLIB_CURRENT_VERSION = 1;
				DYLIB_INSTALL_NAME_BASE = "@rpath";
				ENABLE_MODULE_VERIFIER = YES;
				GENERATE_INFOPLIST_FILE = YES;
				INFOPLIST_KEY_NSHumanReadableCopyright = "";
				INSTALL_PATH = "$(LOCAL_LIBRARY_DIR)/Frameworks";
				LD_RUNPATH_SEARCH_PATHS = (
					"$(inherited)",
					"@executable_path/../Frameworks",
					"@loader_path/Frameworks",
				);
				MARKETING_VERSION = 1.0;
				MODULE_VERIFIER_SUPPORTED_LANGUAGES = "objective-c objective-c++";
				MODULE_VERIFIER_SUPPORTED_LANGUAGE_STANDARDS = "gnu17 gnu++20";
				PRODUCT_BUNDLE_IDENTIFIER = com.amrhossam.EssentialFeed;
				PRODUCT_NAME = "$(TARGET_NAME:c99extidentifier)";
				SKIP_INSTALL = YES;
				SWIFT_EMIT_LOC_STRINGS = YES;
				SWIFT_INSTALL_OBJC_HEADER = NO;
				SWIFT_OPTIMIZATION_LEVEL = "-Onone";
				SWIFT_VERSION = 5.0;
			};
			name = Debug;
		};
		0A2F3F1C2CA96D14005B893B /* Release */ = {
			isa = XCBuildConfiguration;
			buildSettings = {
				BUILD_LIBRARY_FOR_DISTRIBUTION = YES;
				CLANG_ENABLE_MODULES = YES;
				CODE_SIGN_STYLE = Automatic;
				COMBINE_HIDPI_IMAGES = YES;
				CURRENT_PROJECT_VERSION = 1;
				DEFINES_MODULE = YES;
				DEVELOPMENT_TEAM = DJCKM4F4RZ;
				DYLIB_COMPATIBILITY_VERSION = 1;
				DYLIB_CURRENT_VERSION = 1;
				DYLIB_INSTALL_NAME_BASE = "@rpath";
				ENABLE_MODULE_VERIFIER = YES;
				GENERATE_INFOPLIST_FILE = YES;
				INFOPLIST_KEY_NSHumanReadableCopyright = "";
				INSTALL_PATH = "$(LOCAL_LIBRARY_DIR)/Frameworks";
				LD_RUNPATH_SEARCH_PATHS = (
					"$(inherited)",
					"@executable_path/../Frameworks",
					"@loader_path/Frameworks",
				);
				MARKETING_VERSION = 1.0;
				MODULE_VERIFIER_SUPPORTED_LANGUAGES = "objective-c objective-c++";
				MODULE_VERIFIER_SUPPORTED_LANGUAGE_STANDARDS = "gnu17 gnu++20";
				PRODUCT_BUNDLE_IDENTIFIER = com.amrhossam.EssentialFeed;
				PRODUCT_NAME = "$(TARGET_NAME:c99extidentifier)";
				SKIP_INSTALL = YES;
				SWIFT_EMIT_LOC_STRINGS = YES;
				SWIFT_INSTALL_OBJC_HEADER = NO;
				SWIFT_VERSION = 5.0;
			};
			name = Release;
		};
		0A2F3F1E2CA96D14005B893B /* Debug */ = {
			isa = XCBuildConfiguration;
			buildSettings = {
				ALWAYS_EMBED_SWIFT_STANDARD_LIBRARIES = YES;
				CODE_SIGN_STYLE = Automatic;
				CURRENT_PROJECT_VERSION = 1;
				DEVELOPMENT_TEAM = DJCKM4F4RZ;
				GENERATE_INFOPLIST_FILE = YES;
				MARKETING_VERSION = 1.0;
				PRODUCT_BUNDLE_IDENTIFIER = com.amrhossam.EssentialFeedTests;
				PRODUCT_NAME = "$(TARGET_NAME)";
				SWIFT_EMIT_LOC_STRINGS = NO;
				SWIFT_VERSION = 5.0;
			};
			name = Debug;
		};
		0A2F3F1F2CA96D14005B893B /* Release */ = {
			isa = XCBuildConfiguration;
			buildSettings = {
				ALWAYS_EMBED_SWIFT_STANDARD_LIBRARIES = YES;
				CODE_SIGN_STYLE = Automatic;
				CURRENT_PROJECT_VERSION = 1;
				DEVELOPMENT_TEAM = DJCKM4F4RZ;
				GENERATE_INFOPLIST_FILE = YES;
				MARKETING_VERSION = 1.0;
				PRODUCT_BUNDLE_IDENTIFIER = com.amrhossam.EssentialFeedTests;
				PRODUCT_NAME = "$(TARGET_NAME)";
				SWIFT_EMIT_LOC_STRINGS = NO;
				SWIFT_VERSION = 5.0;
			};
			name = Release;
		};
		0A88228D2CAF363F00139250 /* Debug */ = {
			isa = XCBuildConfiguration;
			buildSettings = {
				CODE_SIGN_STYLE = Automatic;
				CURRENT_PROJECT_VERSION = 1;
				DEVELOPMENT_TEAM = DJCKM4F4RZ;
				GENERATE_INFOPLIST_FILE = YES;
				MARKETING_VERSION = 1.0;
				PRODUCT_BUNDLE_IDENTIFIER = com.amrhossam.EssentialFeedAPIEndToEndTests;
				PRODUCT_NAME = "$(TARGET_NAME)";
				SWIFT_EMIT_LOC_STRINGS = NO;
				SWIFT_VERSION = 5.0;
			};
			name = Debug;
		};
		0A88228E2CAF363F00139250 /* Release */ = {
			isa = XCBuildConfiguration;
			buildSettings = {
				CODE_SIGN_STYLE = Automatic;
				CURRENT_PROJECT_VERSION = 1;
				DEVELOPMENT_TEAM = DJCKM4F4RZ;
				GENERATE_INFOPLIST_FILE = YES;
				MARKETING_VERSION = 1.0;
				PRODUCT_BUNDLE_IDENTIFIER = com.amrhossam.EssentialFeedAPIEndToEndTests;
				PRODUCT_NAME = "$(TARGET_NAME)";
				SWIFT_EMIT_LOC_STRINGS = NO;
				SWIFT_VERSION = 5.0;
			};
			name = Release;
		};
/* End XCBuildConfiguration section */

/* Begin XCConfigurationList section */
		0A2F3F022CA96D14005B893B /* Build configuration list for PBXProject "EssentialFeed" */ = {
			isa = XCConfigurationList;
			buildConfigurations = (
				0A2F3F182CA96D14005B893B /* Debug */,
				0A2F3F192CA96D14005B893B /* Release */,
			);
			defaultConfigurationIsVisible = 0;
			defaultConfigurationName = Release;
		};
		0A2F3F1A2CA96D14005B893B /* Build configuration list for PBXNativeTarget "EssentialFeed" */ = {
			isa = XCConfigurationList;
			buildConfigurations = (
				0A2F3F1B2CA96D14005B893B /* Debug */,
				0A2F3F1C2CA96D14005B893B /* Release */,
			);
			defaultConfigurationIsVisible = 0;
			defaultConfigurationName = Release;
		};
		0A2F3F1D2CA96D14005B893B /* Build configuration list for PBXNativeTarget "EssentialFeedTests" */ = {
			isa = XCConfigurationList;
			buildConfigurations = (
				0A2F3F1E2CA96D14005B893B /* Debug */,
				0A2F3F1F2CA96D14005B893B /* Release */,
			);
			defaultConfigurationIsVisible = 0;
			defaultConfigurationName = Release;
		};
		0A88228C2CAF363F00139250 /* Build configuration list for PBXNativeTarget "EssentialFeedAPIEndToEndTests" */ = {
			isa = XCConfigurationList;
			buildConfigurations = (
				0A88228D2CAF363F00139250 /* Debug */,
				0A88228E2CAF363F00139250 /* Release */,
			);
			defaultConfigurationIsVisible = 0;
			defaultConfigurationName = Release;
		};
/* End XCConfigurationList section */

/* Begin XCVersionGroup section */
		0AC3E48A2CE99C49003B8410 /* FeedStore.xcdatamodeld */ = {
			isa = XCVersionGroup;
			children = (
				0AC3E48B2CE99C49003B8410 /* FeedStore.xcdatamodel */,
			);
			currentVersion = 0AC3E48B2CE99C49003B8410 /* FeedStore.xcdatamodel */;
			path = FeedStore.xcdatamodeld;
			sourceTree = "<group>";
			versionGroupType = wrapper.xcdatamodel;
		};
/* End XCVersionGroup section */
	};
	rootObject = 0A2F3EFF2CA96D14005B893B /* Project object */;
}
